
Microsoft Visual Studio Solution File, Format Version 12.00
# Visual Studio 15
VisualStudioVersion = 15.0.27130.2003
MinimumVisualStudioVersion = 10.0.40219.1
Project("{8BC9CEB8-8B4A-11D0-8D11-00A0C91BC942}") = "AutoCut", "AutoCut\AutoCut.vcxproj", "{62EBDA38-3A9F-4512-A6FA-8A0481FB69F2}"
	ProjectSection(ProjectDependencies) = postProject
		{CF871A17-8921-4F4C-8F8D-4D4FCF070E77} = {CF871A17-8921-4F4C-8F8D-4D4FCF070E77}
		{38F4364A-6DA1-4BF4-8D61-535C4586F2CA} = {38F4364A-6DA1-4BF4-8D61-535C4586F2CA}
		{41206F61-70D3-497F-9AC1-CAEF92298449} = {41206F61-70D3-497F-9AC1-CAEF92298449}
		{059A86A6-DF94-49F4-9EB5-97D93EC48FDA} = {059A86A6-DF94-49F4-9EB5-97D93EC48FDA}
		{71D9BDBF-8FF0-4503-A02D-7B852660EAFC} = {71D9BDBF-8FF0-4503-A02D-7B852660EAFC}
		{05E0A1EB-BB98-4AC1-BB70-7C2CB435E683} = {05E0A1EB-BB98-4AC1-BB70-7C2CB435E683}
	EndProjectSection
EndProject
Project("{8BC9CEB8-8B4A-11D0-8D11-00A0C91BC942}") = "libAutoCut", "libAutoCut\libAutoCut.vcxproj", "{059A86A6-DF94-49F4-9EB5-97D93EC48FDA}"
	ProjectSection(ProjectDependencies) = postProject
		{41206F61-70D3-497F-9AC1-CAEF92298449} = {41206F61-70D3-497F-9AC1-CAEF92298449}
	EndProjectSection
EndProject
Project("{8BC9CEB8-8B4A-11D0-8D11-00A0C91BC942}") = "libYuv", "libYuv\libYuv.vcxproj", "{41206F61-70D3-497F-9AC1-CAEF92298449}"
EndProject
Project("{8BC9CEB8-8B4A-11D0-8D11-00A0C91BC942}") = "libUtil", "libUtil\libUtil.vcxproj", "{CF871A17-8921-4F4C-8F8D-4D4FCF070E77}"
EndProject
Project("{8BC9CEB8-8B4A-11D0-8D11-00A0C91BC942}") = "libSwMat", "libSwMat\libSwMat.vcxproj", "{71D9BDBF-8FF0-4503-A02D-7B852660EAFC}"
EndProject
Project("{8BC9CEB8-8B4A-11D0-8D11-00A0C91BC942}") = "libGui", "libGui\libGui.vcxproj", "{05E0A1EB-BB98-4AC1-BB70-7C2CB435E683}"
	ProjectSection(ProjectDependencies) = postProject
		{CF871A17-8921-4F4C-8F8D-4D4FCF070E77} = {CF871A17-8921-4F4C-8F8D-4D4FCF070E77}
	EndProjectSection
EndProject
Project("{8BC9CEB8-8B4A-11D0-8D11-00A0C91BC942}") = "libRun", "libRun\libRun.vcxproj", "{38F4364A-6DA1-4BF4-8D61-535C4586F2CA}"
	ProjectSection(ProjectDependencies) = postProject
		{CF871A17-8921-4F4C-8F8D-4D4FCF070E77} = {CF871A17-8921-4F4C-8F8D-4D4FCF070E77}
		{41206F61-70D3-497F-9AC1-CAEF92298449} = {41206F61-70D3-497F-9AC1-CAEF92298449}
		{059A86A6-DF94-49F4-9EB5-97D93EC48FDA} = {059A86A6-DF94-49F4-9EB5-97D93EC48FDA}
		{71D9BDBF-8FF0-4503-A02D-7B852660EAFC} = {71D9BDBF-8FF0-4503-A02D-7B852660EAFC}
		{05E0A1EB-BB98-4AC1-BB70-7C2CB435E683} = {05E0A1EB-BB98-4AC1-BB70-7C2CB435E683}
	EndProjectSection
EndProject
Global
	GlobalSection(SolutionConfigurationPlatforms) = preSolution
		Debug|x64 = Debug|x64
		Debug|x86 = Debug|x86
		Release|x64 = Release|x64
		Release|x86 = Release|x86
	EndGlobalSection
	GlobalSection(ProjectConfigurationPlatforms) = postSolution
		{62EBDA38-3A9F-4512-A6FA-8A0481FB69F2}.Debug|x64.ActiveCfg = Debug|x64
		{62EBDA38-3A9F-4512-A6FA-8A0481FB69F2}.Debug|x64.Build.0 = Debug|x64
		{62EBDA38-3A9F-4512-A6FA-8A0481FB69F2}.Debug|x86.ActiveCfg = Debug|Win32
		{62EBDA38-3A9F-4512-A6FA-8A0481FB69F2}.Debug|x86.Build.0 = Debug|Win32
		{62EBDA38-3A9F-4512-A6FA-8A0481FB69F2}.Release|x64.ActiveCfg = Release|x64
		{62EBDA38-3A9F-4512-A6FA-8A0481FB69F2}.Release|x64.Build.0 = Release|x64
		{62EBDA38-3A9F-4512-A6FA-8A0481FB69F2}.Release|x86.ActiveCfg = Release|Win32
		{62EBDA38-3A9F-4512-A6FA-8A0481FB69F2}.Release|x86.Build.0 = Release|Win32
		{059A86A6-DF94-49F4-9EB5-97D93EC48FDA}.Debug|x64.ActiveCfg = Debug|x64
		{059A86A6-DF94-49F4-9EB5-97D93EC48FDA}.Debug|x64.Build.0 = Debug|x64
		{059A86A6-DF94-49F4-9EB5-97D93EC48FDA}.Debug|x86.ActiveCfg = Debug|Win32
		{059A86A6-DF94-49F4-9EB5-97D93EC48FDA}.Debug|x86.Build.0 = Debug|Win32
		{059A86A6-DF94-49F4-9EB5-97D93EC48FDA}.Release|x64.ActiveCfg = Release|x64
		{059A86A6-DF94-49F4-9EB5-97D93EC48FDA}.Release|x64.Build.0 = Release|x64
		{059A86A6-DF94-49F4-9EB5-97D93EC48FDA}.Release|x86.ActiveCfg = Release|Win32
		{059A86A6-DF94-49F4-9EB5-97D93EC48FDA}.Release|x86.Build.0 = Release|Win32
		{41206F61-70D3-497F-9AC1-CAEF92298449}.Debug|x64.ActiveCfg = Debug|x64
		{41206F61-70D3-497F-9AC1-CAEF92298449}.Debug|x64.Build.0 = Debug|x64
		{41206F61-70D3-497F-9AC1-CAEF92298449}.Debug|x86.ActiveCfg = Debug|Win32
		{41206F61-70D3-497F-9AC1-CAEF92298449}.Debug|x86.Build.0 = Debug|Win32
		{41206F61-70D3-497F-9AC1-CAEF92298449}.Release|x64.ActiveCfg = Release|x64
		{41206F61-70D3-497F-9AC1-CAEF92298449}.Release|x64.Build.0 = Release|x64
		{41206F61-70D3-497F-9AC1-CAEF92298449}.Release|x86.ActiveCfg = Release|Win32
		{41206F61-70D3-497F-9AC1-CAEF92298449}.Release|x86.Build.0 = Release|Win32
		{CF871A17-8921-4F4C-8F8D-4D4FCF070E77}.Debug|x64.ActiveCfg = Debug|x64
		{CF871A17-8921-4F4C-8F8D-4D4FCF070E77}.Debug|x64.Build.0 = Debug|x64
		{CF871A17-8921-4F4C-8F8D-4D4FCF070E77}.Debug|x86.ActiveCfg = Debug|Win32
		{CF871A17-8921-4F4C-8F8D-4D4FCF070E77}.Debug|x86.Build.0 = Debug|Win32
		{CF871A17-8921-4F4C-8F8D-4D4FCF070E77}.Release|x64.ActiveCfg = Release|x64
		{CF871A17-8921-4F4C-8F8D-4D4FCF070E77}.Release|x64.Build.0 = Release|x64
		{CF871A17-8921-4F4C-8F8D-4D4FCF070E77}.Release|x86.ActiveCfg = Release|Win32
		{CF871A17-8921-4F4C-8F8D-4D4FCF070E77}.Release|x86.Build.0 = Release|Win32
		{71D9BDBF-8FF0-4503-A02D-7B852660EAFC}.Debug|x64.ActiveCfg = Debug|x64
		{71D9BDBF-8FF0-4503-A02D-7B852660EAFC}.Debug|x64.Build.0 = Debug|x64
		{71D9BDBF-8FF0-4503-A02D-7B852660EAFC}.Debug|x86.ActiveCfg = Debug|Win32
		{71D9BDBF-8FF0-4503-A02D-7B852660EAFC}.Debug|x86.Build.0 = Debug|Win32
		{71D9BDBF-8FF0-4503-A02D-7B852660EAFC}.Release|x64.ActiveCfg = Release|x64
		{71D9BDBF-8FF0-4503-A02D-7B852660EAFC}.Release|x64.Build.0 = Release|x64
		{71D9BDBF-8FF0-4503-A02D-7B852660EAFC}.Release|x86.ActiveCfg = Release|Win32
		{71D9BDBF-8FF0-4503-A02D-7B852660EAFC}.Release|x86.Build.0 = Release|Win32
		{05E0A1EB-BB98-4AC1-BB70-7C2CB435E683}.Debug|x64.ActiveCfg = Debug|x64
		{05E0A1EB-BB98-4AC1-BB70-7C2CB435E683}.Debug|x64.Build.0 = Debug|x64
		{05E0A1EB-BB98-4AC1-BB70-7C2CB435E683}.Debug|x86.ActiveCfg = Debug|Win32
		{05E0A1EB-BB98-4AC1-BB70-7C2CB435E683}.Debug|x86.Build.0 = Debug|Win32
		{05E0A1EB-BB98-4AC1-BB70-7C2CB435E683}.Release|x64.ActiveCfg = Release|x64
		{05E0A1EB-BB98-4AC1-BB70-7C2CB435E683}.Release|x64.Build.0 = Release|x64
		{05E0A1EB-BB98-4AC1-BB70-7C2CB435E683}.Release|x86.ActiveCfg = Release|Win32
		{05E0A1EB-BB98-4AC1-BB70-7C2CB435E683}.Release|x86.Build.0 = Release|Win32
		{38F4364A-6DA1-4BF4-8D61-535C4586F2CA}.Debug|x64.ActiveCfg = Debug|x64
		{38F4364A-6DA1-4BF4-8D61-535C4586F2CA}.Debug|x64.Build.0 = Debug|x64
		{38F4364A-6DA1-4BF4-8D61-535C4586F2CA}.Debug|x86.ActiveCfg = Debug|Win32
		{38F4364A-6DA1-4BF4-8D61-535C4586F2CA}.Debug|x86.Build.0 = Debug|Win32
		{38F4364A-6DA1-4BF4-8D61-535C4586F2CA}.Release|x64.ActiveCfg = Release|x64
		{38F4364A-6DA1-4BF4-8D61-535C4586F2CA}.Release|x64.Build.0 = Release|x64
		{38F4364A-6DA1-4BF4-8D61-535C4586F2CA}.Release|x86.ActiveCfg = Release|Win32
		{38F4364A-6DA1-4BF4-8D61-535C4586F2CA}.Release|x86.Build.0 = Release|Win32
	EndGlobalSection
	GlobalSection(SolutionProperties) = preSolution
		HideSolutionNode = FALSE
	EndGlobalSection
	GlobalSection(ExtensibilityGlobals) = postSolution
		SolutionGuid = {171EED62-77F5-471A-8174-7BFDF5007E62}
	EndGlobalSection
EndGlobal
